
Microsoft Visual Studio Solution File, Format Version 12.00
# Visual Studio Version 17
VisualStudioVersion = 17.10.35004.147
MinimumVisualStudioVersion = 10.0.40219.1
Project("{2150E333-8FDC-42A3-9474-1A3956D46DE8}") = "src", "src", "{82A05964-6C87-4E8B-A267-81F608203711}"
EndProject
Project("{FAE04EC0-301F-11D3-BF4B-00C04F79EFBC}") = "Builder.Application", "src\Builder.Application\Builder.Application.csproj", "{4D91F930-17DB-46C1-AE52-243AD3382811}"
EndProject
Project("{2150E333-8FDC-42A3-9474-1A3956D46DE8}") = "Solution Items", "Solution Items", "{329C378C-42BB-4674-871F-BB253D666572}"
	ProjectSection(SolutionItems) = preProject
		README.md = README.md
	EndProjectSection
EndProject
Project("{FAE04EC0-301F-11D3-BF4B-00C04F79EFBC}") = "Builder.Domain", "src\Builder.Domain\Builder.Domain.csproj", "{C640EB2B-9636-47D3-8617-77412D2DC830}"
EndProject
Global
	GlobalSection(SolutionConfigurationPlatforms) = preSolution
		Debug|Any CPU = Debug|Any CPU
		Release|Any CPU = Release|Any CPU
	EndGlobalSection
	GlobalSection(ProjectConfigurationPlatforms) = postSolution
		{4D91F930-17DB-46C1-AE52-243AD3382811}.Debug|Any CPU.ActiveCfg = Debug|Any CPU
		{4D91F930-17DB-46C1-AE52-243AD3382811}.Debug|Any CPU.Build.0 = Debug|Any CPU
		{4D91F930-17DB-46C1-AE52-243AD3382811}.Release|Any CPU.ActiveCfg = Release|Any CPU
		{4D91F930-17DB-46C1-AE52-243AD3382811}.Release|Any CPU.Build.0 = Release|Any CPU
		{C640EB2B-9636-47D3-8617-77412D2DC830}.Debug|Any CPU.ActiveCfg = Debug|Any CPU
		{C640EB2B-9636-47D3-8617-77412D2DC830}.Debug|Any CPU.Build.0 = Debug|Any CPU
		{C640EB2B-9636-47D3-8617-77412D2DC830}.Release|Any CPU.ActiveCfg = Release|Any CPU
		{C640EB2B-9636-47D3-8617-77412D2DC830}.Release|Any CPU.Build.0 = Release|Any CPU
	EndGlobalSection
	GlobalSection(SolutionProperties) = preSolution
		HideSolutionNode = FALSE
	EndGlobalSection
	GlobalSection(NestedProjects) = preSolution
		{4D91F930-17DB-46C1-AE52-243AD3382811} = {82A05964-6C87-4E8B-A267-81F608203711}
		{C640EB2B-9636-47D3-8617-77412D2DC830} = {82A05964-6C87-4E8B-A267-81F608203711}
	EndGlobalSection
	GlobalSection(ExtensibilityGlobals) = postSolution
		SolutionGuid = {43FAE6C5-74B3-48BA-A517-35AFEA12C68C}
	EndGlobalSection
EndGlobal
